
Microsoft Visual Studio Solution File, Format Version 12.00
# Visual Studio 14
VisualStudioVersion = 14.0.25420.1
MinimumVisualStudioVersion = 10.0.40219.1
Project("{FAE04EC0-301F-11D3-BF4B-00C04F79EFBC}") = "NewConsoleApp", "NewConsoleApp\NewConsoleApp.csproj", "{7B88F260-5925-4DD9-A8A8-5A09EE4B1FCE}"
EndProject
Project("{FAE04EC0-301F-11D3-BF4B-00C04F79EFBC}") = "csharpfirstlib", "csharpfirstlib\csharpfirstlib.csproj", "{3C38DDB9-DE1C-468F-A259-1B2C58BD1F21}"
EndProject
Global
	GlobalSection(SolutionConfigurationPlatforms) = preSolution
		Debug|Any CPU = Debug|Any CPU
		Release|Any CPU = Release|Any CPU
	EndGlobalSection
	GlobalSection(ProjectConfigurationPlatforms) = postSolution
		{7B88F260-5925-4DD9-A8A8-5A09EE4B1FCE}.Debug|Any CPU.ActiveCfg = Debug|Any CPU
		{7B88F260-5925-4DD9-A8A8-5A09EE4B1FCE}.Debug|Any CPU.Build.0 = Debug|Any CPU
		{7B88F260-5925-4DD9-A8A8-5A09EE4B1FCE}.Release|Any CPU.ActiveCfg = Release|Any CPU
		{7B88F260-5925-4DD9-A8A8-5A09EE4B1FCE}.Release|Any CPU.Build.0 = Release|Any CPU
		{3C38DDB9-DE1C-468F-A259-1B2C58BD1F21}.Debug|Any CPU.ActiveCfg = Debug|Any CPU
		{3C38DDB9-DE1C-468F-A259-1B2C58BD1F21}.Debug|Any CPU.Build.0 = Debug|Any CPU
		{3C38DDB9-DE1C-468F-A259-1B2C58BD1F21}.Release|Any CPU.ActiveCfg = Release|Any CPU
		{3C38DDB9-DE1C-468F-A259-1B2C58BD1F21}.Release|Any CPU.Build.0 = Release|Any CPU
	EndGlobalSection
	GlobalSection(SolutionProperties) = preSolution
		HideSolutionNode = FALSE
	EndGlobalSection
EndGlobal
